
Microsoft Visual Studio Solution File, Format Version 12.00
# Visual Studio Version 16
VisualStudioVersion = 16.0.30711.63
MinimumVisualStudioVersion = 10.0.40219.1
Project("{6EC3EE1D-3C4E-46DD-8F32-0CC8E7565705}") = "Facil.Generator", "src\Facil.Generator\Facil.Generator.fsproj", "{F0D6837B-C337-4585-9367-AA423ECEF4A4}"
EndProject
Project("{6EC3EE1D-3C4E-46DD-8F32-0CC8E7565705}") = "Facil.Runtime", "src\Facil.Runtime\Facil.Runtime.fsproj", "{D8BE2869-5F73-4BDA-AC18-3A14B2407131}"
EndProject
Project("{9A19103F-16F7-4668-BE54-9A1E7A4F7556}") = "Facil.Runtime.CSharp", "src\Facil.Runtime.CSharp\Facil.Runtime.CSharp.csproj", "{438D59CE-0E7C-4081-B75E-D78FCEAC1439}"
EndProject
Project("{6EC3EE1D-3C4E-46DD-8F32-0CC8E7565705}") = "Facil.Package", "src\Facil.Package\Facil.Package.fsproj", "{7634D4B5-0EE4-4F59-B254-C6CCEEFCB78A}"
	ProjectSection(ProjectDependencies) = postProject
		{F0D6837B-C337-4585-9367-AA423ECEF4A4} = {F0D6837B-C337-4585-9367-AA423ECEF4A4}
	EndProjectSection
EndProject
Project("{2150E333-8FDC-42A3-9474-1A3956D46DE8}") = "Solution Items", "Solution Items", "{E848896D-00D5-4D55-9790-0A4F39643B6A}"
	ProjectSection(SolutionItems) = preProject
		.editorconfig = .editorconfig
		appveyor.yml = appveyor.yml
		.github\CONTRIBUTING.md = .github\CONTRIBUTING.md
		Directory.Build.props = Directory.Build.props
		global.json = global.json
		facil_reference.yaml = facil_reference.yaml
		README.md = README.md
		RELEASE_NOTES.md = RELEASE_NOTES.md
	EndProjectSection
EndProject
Project("{00D1A9C2-B5F0-4AF3-8072-F6C62B433612}") = "TestDb", "src\TestDb\TestDb.sqlproj", "{CE4F177F-6835-498A-B29E-0D86E329F2CF}"
EndProject
Project("{2150E333-8FDC-42A3-9474-1A3956D46DE8}") = "Tests", "Tests", "{1BFECC5F-28BE-4791-81E2-1D156CC4C23F}"
EndProject
Project("{6EC3EE1D-3C4E-46DD-8F32-0CC8E7565705}") = "DbTests", "src\DbTests\DbTests.fsproj", "{A91669BF-A3CB-4163-B0FA-B5D5CBB77D69}"
EndProject
Project("{F2A71F9B-5D33-465A-A702-920D77279786}") = "DbTests.DbGen", "src\DbTests.DbGen\DbTests.DbGen.fsproj", "{96D295AF-F9DD-4ED5-83CA-894B99BDD255}"
EndProject
Global
	GlobalSection(SolutionConfigurationPlatforms) = preSolution
		Debug|Any CPU = Debug|Any CPU
		Release|Any CPU = Release|Any CPU
	EndGlobalSection
	GlobalSection(ProjectConfigurationPlatforms) = postSolution
		{F0D6837B-C337-4585-9367-AA423ECEF4A4}.Debug|Any CPU.ActiveCfg = Debug|Any CPU
		{F0D6837B-C337-4585-9367-AA423ECEF4A4}.Debug|Any CPU.Build.0 = Debug|Any CPU
		{F0D6837B-C337-4585-9367-AA423ECEF4A4}.Release|Any CPU.ActiveCfg = Release|Any CPU
		{F0D6837B-C337-4585-9367-AA423ECEF4A4}.Release|Any CPU.Build.0 = Release|Any CPU
		{D8BE2869-5F73-4BDA-AC18-3A14B2407131}.Debug|Any CPU.ActiveCfg = Debug|Any CPU
		{D8BE2869-5F73-4BDA-AC18-3A14B2407131}.Debug|Any CPU.Build.0 = Debug|Any CPU
		{D8BE2869-5F73-4BDA-AC18-3A14B2407131}.Release|Any CPU.ActiveCfg = Release|Any CPU
		{D8BE2869-5F73-4BDA-AC18-3A14B2407131}.Release|Any CPU.Build.0 = Release|Any CPU
		{438D59CE-0E7C-4081-B75E-D78FCEAC1439}.Debug|Any CPU.ActiveCfg = Debug|Any CPU
		{438D59CE-0E7C-4081-B75E-D78FCEAC1439}.Debug|Any CPU.Build.0 = Debug|Any CPU
		{438D59CE-0E7C-4081-B75E-D78FCEAC1439}.Release|Any CPU.ActiveCfg = Release|Any CPU
		{438D59CE-0E7C-4081-B75E-D78FCEAC1439}.Release|Any CPU.Build.0 = Release|Any CPU
		{7634D4B5-0EE4-4F59-B254-C6CCEEFCB78A}.Debug|Any CPU.ActiveCfg = Debug|Any CPU
		{7634D4B5-0EE4-4F59-B254-C6CCEEFCB78A}.Debug|Any CPU.Build.0 = Debug|Any CPU
		{7634D4B5-0EE4-4F59-B254-C6CCEEFCB78A}.Release|Any CPU.ActiveCfg = Release|Any CPU
		{7634D4B5-0EE4-4F59-B254-C6CCEEFCB78A}.Release|Any CPU.Build.0 = Release|Any CPU
		{CE4F177F-6835-498A-B29E-0D86E329F2CF}.Debug|Any CPU.ActiveCfg = Debug|Any CPU
		{CE4F177F-6835-498A-B29E-0D86E329F2CF}.Debug|Any CPU.Build.0 = Debug|Any CPU
		{CE4F177F-6835-498A-B29E-0D86E329F2CF}.Debug|Any CPU.Deploy.0 = Debug|Any CPU
		{CE4F177F-6835-498A-B29E-0D86E329F2CF}.Release|Any CPU.ActiveCfg = Release|Any CPU
		{CE4F177F-6835-498A-B29E-0D86E329F2CF}.Release|Any CPU.Build.0 = Release|Any CPU
		{CE4F177F-6835-498A-B29E-0D86E329F2CF}.Release|Any CPU.Deploy.0 = Release|Any CPU
		{A91669BF-A3CB-4163-B0FA-B5D5CBB77D69}.Debug|Any CPU.ActiveCfg = Debug|Any CPU
		{A91669BF-A3CB-4163-B0FA-B5D5CBB77D69}.Debug|Any CPU.Build.0 = Debug|Any CPU
		{A91669BF-A3CB-4163-B0FA-B5D5CBB77D69}.Release|Any CPU.ActiveCfg = Release|Any CPU
		{A91669BF-A3CB-4163-B0FA-B5D5CBB77D69}.Release|Any CPU.Build.0 = Release|Any CPU
		{96D295AF-F9DD-4ED5-83CA-894B99BDD255}.Debug|Any CPU.ActiveCfg = Debug|Any CPU
		{96D295AF-F9DD-4ED5-83CA-894B99BDD255}.Debug|Any CPU.Build.0 = Debug|Any CPU
		{96D295AF-F9DD-4ED5-83CA-894B99BDD255}.Release|Any CPU.ActiveCfg = Release|Any CPU
		{96D295AF-F9DD-4ED5-83CA-894B99BDD255}.Release|Any CPU.Build.0 = Release|Any CPU
	EndGlobalSection
	GlobalSection(SolutionProperties) = preSolution
		HideSolutionNode = FALSE
	EndGlobalSection
	GlobalSection(NestedProjects) = preSolution
		{A91669BF-A3CB-4163-B0FA-B5D5CBB77D69} = {1BFECC5F-28BE-4791-81E2-1D156CC4C23F}
		{96D295AF-F9DD-4ED5-83CA-894B99BDD255} = {1BFECC5F-28BE-4791-81E2-1D156CC4C23F}
	EndGlobalSection
	GlobalSection(ExtensibilityGlobals) = postSolution
		SolutionGuid = {8AEE55F5-9805-44A6-B55F-1EA97BE9161C}
	EndGlobalSection
EndGlobal
